Microsoft Visual Studio Solution File, Format Version 12.00
# Visual Studio Version 17
VisualStudioVersion = 17.0.31903.59
MinimumVisualStudioVersion = 10.0.40219.1
Project("{FAE04EC0-301F-11D3-BF4B-00C04F79EFBC}") = "BffService.Api", "BffService.Api\BffService.Api.csproj", "{A1B2C3D4-E5F6-7890-1234-567890ABCDEF}"
EndProject
Project("{FAE04EC0-301F-11D3-BF4B-00C04F79EFBC}") = "BffService.Application", "BffService.Application\BffService.Application.csproj", "{F0AD1DA3-B248-4109-A471-8595A537BC43}"
EndProject
Project("{FAE04EC0-301F-11D3-BF4B-00C04F79EFBC}") = "BffService.Domain", "BffService.Domain\BffService.Domain.csproj", "{B178989D-7B21-4454-8B7F-5F23A2313359}"
EndProject
Project("{FAE04EC0-301F-11D3-BF4B-00C04F79EFBC}") = "BffService.Infrastructure", "BffService.Infrastructure\BffService.Infrastructure.csproj", "{51994E41-9683-4BEC-9177-9C27E2BA7697}"
EndProject
Global
	GlobalSection(SolutionConfigurationPlatforms) = preSolution
		Debug|Any CPU = Debug|Any CPU
		Release|Any CPU = Release|Any CPU
	EndGlobalSection
	GlobalSection(ProjectConfigurationPlatforms) = postSolution
		{A1B2C3D4-E5F6-7890-1234-567890ABCDEF}.Debug|Any CPU.ActiveCfg = Debug|Any CPU
		{A1B2C3D4-E5F6-7890-1234-567890ABCDEF}.Debug|Any CPU.Build.0 = Debug|Any CPU
		{A1B2C3D4-E5F6-7890-1234-567890ABCDEF}.Release|Any CPU.ActiveCfg = Release|Any CPU
		{A1B2C3D4-E5F6-7890-1234-567890ABCDEF}.Release|Any CPU.Build.0 = Release|Any CPU
		{F0AD1DA3-B248-4109-A471-8595A537BC43}.Debug|Any CPU.ActiveCfg = Debug|Any CPU
		{F0AD1DA3-B248-4109-A471-8595A537BC43}.Debug|Any CPU.Build.0 = Debug|Any CPU
		{F0AD1DA3-B248-4109-A471-8595A537BC43}.Release|Any CPU.ActiveCfg = Release|Any CPU
		{F0AD1DA3-B248-4109-A471-8595A537BC43}.Release|Any CPU.Build.0 = Release|Any CPU
		{B178989D-7B21-4454-8B7F-5F23A2313359}.Debug|Any CPU.ActiveCfg = Debug|Any CPU
		{B178989D-7B21-4454-8B7F-5F23A2313359}.Debug|Any CPU.Build.0 = Debug|Any CPU
		{B178989D-7B21-4454-8B7F-5F23A2313359}.Release|Any CPU.ActiveCfg = Release|Any CPU
		{B178989D-7B21-4454-8B7F-5F23A2313359}.Release|Any CPU.Build.0 = Release|Any CPU
		{51994E41-9683-4BEC-9177-9C27E2BA7697}.Debug|Any CPU.ActiveCfg = Debug|Any CPU
		{51994E41-9683-4BEC-9177-9C27E2BA7697}.Debug|Any CPU.Build.0 = Debug|Any CPU
		{51994E41-9683-4BEC-9177-9C27E2BA7697}.Release|Any CPU.ActiveCfg = Release|Any CPU
		{51994E41-9683-4BEC-9177-9C27E2BA7697}.Release|Any CPU.Build.0 = Release|Any CPU
		{28551964-F267-47B5-9E2B-D93F5077181D}.Debug|Any CPU.ActiveCfg = Debug|Any CPU
		{28551964-F267-47B5-9E2B-D93F5077181D}.Debug|Any CPU.Build.0 = Debug|Any CPU
		{28551964-F267-47B5-9E2B-D93F5077181D}.Release|Any CPU.ActiveCfg = Release|Any CPU
		{28551964-F267-47B5-9E2B-D93F5077181D}.Release|Any CPU.Build.0 = Release|Any CPU
	EndGlobalSection
	GlobalSection(SolutionProperties) = preSolution
		HideSolutionNode = FALSE
	EndGlobalSection
EndGlobal
