
Microsoft Visual Studio Solution File, Format Version 12.00
# Visual Studio Version 17
VisualStudioVersion = 17.0.31903.59
MinimumVisualStudioVersion = 10.0.40219.1
Project("{FAE04EC0-301F-11D3-BF4B-00C04F79EFBC}") = "AuthService.Api", "AuthService.Api\AuthService.Api.csproj", "{765DE950-3B23-4C13-9140-181AAB0FAB27}"
EndProject
Project("{FAE04EC0-301F-11D3-BF4B-00C04F79EFBC}") = "AuthService.Application", "AuthService.Application\AuthService.Application.csproj", "{71830C71-9570-4093-A9FB-62EE3CAF57EB}"
EndProject
Project("{FAE04EC0-301F-11D3-BF4B-00C04F79EFBC}") = "AuthService.Domain", "AuthService.Domain\AuthService.Domain.csproj", "{26195CB6-7573-4EA9-82BE-39D700643C97}"
EndProject
Project("{FAE04EC0-301F-11D3-BF4B-00C04F79EFBC}") = "AuthService.Infrastructure", "AuthService.Infrastructure\AuthService.Infrastructure.csproj", "{718341C5-5AA4-4663-ACBB-8E3DA9525B1B}"
EndProject
Project("{FAE04EC0-301F-11D3-BF4B-00C04F79EFBC}") = "AuthService.Domain.Tests", "AuthService.Domain.Tests\AuthService.Domain.Tests.csproj", "{7A1F1DDF-8769-4439-941E-7E81CE52C438}"
EndProject
Project("{FAE04EC0-301F-11D3-BF4B-00C04F79EFBC}") = "AuthService.Application.Tests", "AuthService.Application.Tests\AuthService.Application.Tests.csproj", "{C868A413-7A24-4233-A8D7-5B9D905856FE}"
EndProject
Global
	GlobalSection(SolutionConfigurationPlatforms) = preSolution
		Debug|Any CPU = Debug|Any CPU
		Debug|x64 = Debug|x64
		Debug|x86 = Debug|x86
		Release|Any CPU = Release|Any CPU
		Release|x64 = Release|x64
		Release|x86 = Release|x86
	EndGlobalSection
	GlobalSection(ProjectConfigurationPlatforms) = postSolution
		{765DE950-3B23-4C13-9140-181AAB0FAB27}.Debug|Any CPU.ActiveCfg = Debug|Any CPU
		{765DE950-3B23-4C13-9140-181AAB0FAB27}.Debug|Any CPU.Build.0 = Debug|Any CPU
		{765DE950-3B23-4C13-9140-181AAB0FAB27}.Debug|x64.ActiveCfg = Debug|Any CPU
		{765DE950-3B23-4C13-9140-181AAB0FAB27}.Debug|x64.Build.0 = Debug|Any CPU
		{765DE950-3B23-4C13-9140-181AAB0FAB27}.Debug|x86.ActiveCfg = Debug|Any CPU
		{765DE950-3B23-4C13-9140-181AAB0FAB27}.Debug|x86.Build.0 = Debug|Any CPU
		{765DE950-3B23-4C13-9140-181AAB0FAB27}.Release|Any CPU.ActiveCfg = Release|Any CPU
		{765DE950-3B23-4C13-9140-181AAB0FAB27}.Release|Any CPU.Build.0 = Release|Any CPU
		{765DE950-3B23-4C13-9140-181AAB0FAB27}.Release|x64.ActiveCfg = Release|Any CPU
		{765DE950-3B23-4C13-9140-181AAB0FAB27}.Release|x64.Build.0 = Release|Any CPU
		{765DE950-3B23-4C13-9140-181AAB0FAB27}.Release|x86.ActiveCfg = Release|Any CPU
		{765DE950-3B23-4C13-9140-181AAB0FAB27}.Release|x86.Build.0 = Release|Any CPU
		{71830C71-9570-4093-A9FB-62EE3CAF57EB}.Debug|Any CPU.ActiveCfg = Debug|Any CPU
		{71830C71-9570-4093-A9FB-62EE3CAF57EB}.Debug|Any CPU.Build.0 = Debug|Any CPU
		{71830C71-9570-4093-A9FB-62EE3CAF57EB}.Debug|x64.ActiveCfg = Debug|Any CPU
		{71830C71-9570-4093-A9FB-62EE3CAF57EB}.Debug|x64.Build.0 = Debug|Any CPU
		{71830C71-9570-4093-A9FB-62EE3CAF57EB}.Debug|x86.ActiveCfg = Debug|Any CPU
		{71830C71-9570-4093-A9FB-62EE3CAF57EB}.Debug|x86.Build.0 = Debug|Any CPU
		{71830C71-9570-4093-A9FB-62EE3CAF57EB}.Release|Any CPU.ActiveCfg = Release|Any CPU
		{71830C71-9570-4093-A9FB-62EE3CAF57EB}.Release|Any CPU.Build.0 = Release|Any CPU
		{71830C71-9570-4093-A9FB-62EE3CAF57EB}.Release|x64.ActiveCfg = Release|Any CPU
		{71830C71-9570-4093-A9FB-62EE3CAF57EB}.Release|x64.Build.0 = Release|Any CPU
		{71830C71-9570-4093-A9FB-62EE3CAF57EB}.Release|x86.ActiveCfg = Release|Any CPU
		{71830C71-9570-4093-A9FB-62EE3CAF57EB}.Release|x86.Build.0 = Release|Any CPU
		{26195CB6-7573-4EA9-82BE-39D700643C97}.Debug|Any CPU.ActiveCfg = Debug|Any CPU
		{26195CB6-7573-4EA9-82BE-39D700643C97}.Debug|Any CPU.Build.0 = Debug|Any CPU
		{26195CB6-7573-4EA9-82BE-39D700643C97}.Debug|x64.ActiveCfg = Debug|Any CPU
		{26195CB6-7573-4EA9-82BE-39D700643C97}.Debug|x64.Build.0 = Debug|Any CPU
		{26195CB6-7573-4EA9-82BE-39D700643C97}.Debug|x86.ActiveCfg = Debug|Any CPU
		{26195CB6-7573-4EA9-82BE-39D700643C97}.Debug|x86.Build.0 = Debug|Any CPU
		{26195CB6-7573-4EA9-82BE-39D700643C97}.Release|Any CPU.ActiveCfg = Release|Any CPU
		{26195CB6-7573-4EA9-82BE-39D700643C97}.Release|Any CPU.Build.0 = Release|Any CPU
		{26195CB6-7573-4EA9-82BE-39D700643C97}.Release|x64.ActiveCfg = Release|Any CPU
		{26195CB6-7573-4EA9-82BE-39D700643C97}.Release|x64.Build.0 = Release|Any CPU
		{26195CB6-7573-4EA9-82BE-39D700643C97}.Release|x86.ActiveCfg = Release|Any CPU
		{26195CB6-7573-4EA9-82BE-39D700643C97}.Release|x86.Build.0 = Release|Any CPU
		{718341C5-5AA4-4663-ACBB-8E3DA9525B1B}.Debug|Any CPU.ActiveCfg = Debug|Any CPU
		{718341C5-5AA4-4663-ACBB-8E3DA9525B1B}.Debug|Any CPU.Build.0 = Debug|Any CPU
		{718341C5-5AA4-4663-ACBB-8E3DA9525B1B}.Debug|x64.ActiveCfg = Debug|Any CPU
		{718341C5-5AA4-4663-ACBB-8E3DA9525B1B}.Debug|x64.Build.0 = Debug|Any CPU
		{718341C5-5AA4-4663-ACBB-8E3DA9525B1B}.Debug|x86.ActiveCfg = Debug|Any CPU
		{718341C5-5AA4-4663-ACBB-8E3DA9525B1B}.Debug|x86.Build.0 = Debug|Any CPU
		{718341C5-5AA4-4663-ACBB-8E3DA9525B1B}.Release|Any CPU.ActiveCfg = Release|Any CPU
		{718341C5-5AA4-4663-ACBB-8E3DA9525B1B}.Release|Any CPU.Build.0 = Release|Any CPU
		{718341C5-5AA4-4663-ACBB-8E3DA9525B1B}.Release|x64.ActiveCfg = Release|Any CPU
		{718341C5-5AA4-4663-ACBB-8E3DA9525B1B}.Release|x64.Build.0 = Release|Any CPU
		{718341C5-5AA4-4663-ACBB-8E3DA9525B1B}.Release|x86.ActiveCfg = Release|Any CPU
		{718341C5-5AA4-4663-ACBB-8E3DA9525B1B}.Release|x86.Build.0 = Release|Any CPU
		{AF14FF14-1E02-4C62-9B24-C6E73AB78B72}.Debug|Any CPU.ActiveCfg = Debug|Any CPU
		{AF14FF14-1E02-4C62-9B24-C6E73AB78B72}.Debug|Any CPU.Build.0 = Debug|Any CPU
		{AF14FF14-1E02-4C62-9B24-C6E73AB78B72}.Debug|x64.ActiveCfg = Debug|Any CPU
		{AF14FF14-1E02-4C62-9B24-C6E73AB78B72}.Debug|x64.Build.0 = Debug|Any CPU
		{AF14FF14-1E02-4C62-9B24-C6E73AB78B72}.Debug|x86.ActiveCfg = Debug|Any CPU
		{AF14FF14-1E02-4C62-9B24-C6E73AB78B72}.Debug|x86.Build.0 = Debug|Any CPU
		{AF14FF14-1E02-4C62-9B24-C6E73AB78B72}.Release|Any CPU.ActiveCfg = Release|Any CPU
		{AF14FF14-1E02-4C62-9B24-C6E73AB78B72}.Release|Any CPU.Build.0 = Release|Any CPU
		{AF14FF14-1E02-4C62-9B24-C6E73AB78B72}.Release|x64.ActiveCfg = Release|Any CPU
		{AF14FF14-1E02-4C62-9B24-C6E73AB78B72}.Release|x64.Build.0 = Release|Any CPU
		{AF14FF14-1E02-4C62-9B24-C6E73AB78B72}.Release|x86.ActiveCfg = Release|Any CPU
		{AF14FF14-1E02-4C62-9B24-C6E73AB78B72}.Release|x86.Build.0 = Release|Any CPU
		{7A1F1DDF-8769-4439-941E-7E81CE52C438}.Debug|Any CPU.ActiveCfg = Debug|Any CPU
		{7A1F1DDF-8769-4439-941E-7E81CE52C438}.Debug|Any CPU.Build.0 = Debug|Any CPU
		{7A1F1DDF-8769-4439-941E-7E81CE52C438}.Debug|x64.ActiveCfg = Debug|Any CPU
		{7A1F1DDF-8769-4439-941E-7E81CE52C438}.Debug|x64.Build.0 = Debug|Any CPU
		{7A1F1DDF-8769-4439-941E-7E81CE52C438}.Debug|x86.ActiveCfg = Debug|Any CPU
		{7A1F1DDF-8769-4439-941E-7E81CE52C438}.Debug|x86.Build.0 = Debug|Any CPU
		{7A1F1DDF-8769-4439-941E-7E81CE52C438}.Release|Any CPU.ActiveCfg = Release|Any CPU
		{7A1F1DDF-8769-4439-941E-7E81CE52C438}.Release|Any CPU.Build.0 = Release|Any CPU
		{7A1F1DDF-8769-4439-941E-7E81CE52C438}.Release|x64.ActiveCfg = Release|Any CPU
		{7A1F1DDF-8769-4439-941E-7E81CE52C438}.Release|x64.Build.0 = Release|Any CPU
		{7A1F1DDF-8769-4439-941E-7E81CE52C438}.Release|x86.ActiveCfg = Release|Any CPU
		{7A1F1DDF-8769-4439-941E-7E81CE52C438}.Release|x86.Build.0 = Release|Any CPU
		{C868A413-7A24-4233-A8D7-5B9D905856FE}.Debug|Any CPU.ActiveCfg = Debug|Any CPU
		{C868A413-7A24-4233-A8D7-5B9D905856FE}.Debug|Any CPU.Build.0 = Debug|Any CPU
		{C868A413-7A24-4233-A8D7-5B9D905856FE}.Debug|x64.ActiveCfg = Debug|Any CPU
		{C868A413-7A24-4233-A8D7-5B9D905856FE}.Debug|x64.Build.0 = Debug|Any CPU
		{C868A413-7A24-4233-A8D7-5B9D905856FE}.Debug|x86.ActiveCfg = Debug|Any CPU
		{C868A413-7A24-4233-A8D7-5B9D905856FE}.Debug|x86.Build.0 = Debug|Any CPU
		{C868A413-7A24-4233-A8D7-5B9D905856FE}.Release|Any CPU.ActiveCfg = Release|Any CPU
		{C868A413-7A24-4233-A8D7-5B9D905856FE}.Release|Any CPU.Build.0 = Release|Any CPU
		{C868A413-7A24-4233-A8D7-5B9D905856FE}.Release|x64.ActiveCfg = Release|Any CPU
		{C868A413-7A24-4233-A8D7-5B9D905856FE}.Release|x64.Build.0 = Release|Any CPU
		{C868A413-7A24-4233-A8D7-5B9D905856FE}.Release|x86.ActiveCfg = Release|Any CPU
		{C868A413-7A24-4233-A8D7-5B9D905856FE}.Release|x86.Build.0 = Release|Any CPU
	EndGlobalSection
	GlobalSection(SolutionProperties) = preSolution
		HideSolutionNode = FALSE
	EndGlobalSection
	GlobalSection(ExtensibilityGlobals) = postSolution
		SolutionGuid = {5760EAC8-5A2D-4CCB-9FCE-C0F70060B24C}
	EndGlobalSection
EndGlobal
